{
  "name": "pns",
  "version": "0.1.0",
  "lockfileVersion": 1,
  "requires": true,
  "dependencies": {
    "@apollo/client": {
      "version": "3.4.16",
      "resolved": "https://registry.npmmirror.com/@apollo/client/download/@apollo/client-3.4.16.tgz",
      "integrity": "sha1-ZwkNVlWqhD+mTSbxkTMV44Sl+g8=",
      "requires": {
        "@graphql-typed-document-node/core": "^3.0.0",
        "@wry/context": "^0.6.0",
        "@wry/equality": "^0.5.0",
        "@wry/trie": "^0.3.0",
        "graphql-tag": "^2.12.3",
        "hoist-non-react-statics": "^3.3.2",
        "optimism": "^0.16.1",
        "prop-types": "^15.7.2",
        "symbol-observable": "^4.0.0",
        "ts-invariant": "^0.9.0",
        "tslib": "^2.3.0",
        "zen-observable-ts": "~1.1.0"
      }
    },
    "@graphql-typed-document-node/core": {
      "version": "3.1.0",
      "resolved": "https://registry.npm.taobao.org/@graphql-typed-document-node/core/download/@graphql-typed-document-node/core-3.1.0.tgz",
      "integrity": "sha1-Du5jc+EUGL/gtWOPZU33pMpqOVA="
    },
    "@types/zen-observable": {
      "version": "0.8.3",
      "resolved": "https://registry.nlark.com/@types/zen-observable/download/@types/zen-observable-0.8.3.tgz?cache=0&sync_timestamp=1629709932073&other_urls=https%3A%2F%2Fregistry.nlark.com%2F%40types%2Fzen-observable%2Fdownload%2F%40types%2Fzen-observable-0.8.3.tgz",
      "integrity": "sha1-eB02DCgkNklLMv59n3+OZLMRiqM="
    },
    "@wry/context": {
      "version": "0.6.1",
      "resolved": "https://registry.nlark.com/@wry/context/download/@wry/context-0.6.1.tgz",
      "integrity": "sha1-w8KcCtYirbAPalMwPE+WXuBuvrI=",
      "requires": {
        "tslib": "^2.3.0"
      }
    },
    "@wry/equality": {
      "version": "0.5.2",
      "resolved": "https://registry.nlark.com/@wry/equality/download/@wry/equality-0.5.2.tgz?cache=0&other_urls=https%3A%2F%2Fregistry.nlark.com%2F%40wry%2Fequality%2Fdownload%2F%40wry%2Fequality-0.5.2.tgz",
      "integrity": "sha1-csinp9iE3/MLYS9PhGTromwIDnM=",
      "requires": {
        "tslib": "^2.3.0"
      }
    },
    "@wry/trie": {
      "version": "0.3.1",
      "resolved": "https://registry.nlark.com/@wry/trie/download/@wry/trie-0.3.1.tgz",
      "integrity": "sha1-Inm3kPFQMvi86n/JRNJ5iOWzsTk=",
      "requires": {
        "tslib": "^2.3.0"
      }
    },
    "cross-fetch": {
      "version": "3.1.4",
      "resolved": "https://registry.nlark.com/cross-fetch/download/cross-fetch-3.1.4.tgz",
      "integrity": "sha1-lyPzo6JHv4uJA586OAqSROj6Lzk=",
      "requires": {
        "node-fetch": "2.6.1"
      }
    },
    "graphql": {
      "version": "15.6.1",
      "resolved": "https://registry.npmmirror.com/graphql/download/graphql-15.6.1.tgz?cache=0&sync_timestamp=1634127502745&other_urls=https%3A%2F%2Fregistry.npmmirror.com%2Fgraphql%2Fdownload%2Fgraphql-15.6.1.tgz",
      "integrity": "sha1-kSW98FdVNSXaJR4Z6W2rPThV3fw="
    },
    "graphql-tag": {
      "version": "2.12.5",
      "resolved": "https://registry.nlark.com/graphql-tag/download/graphql-tag-2.12.5.tgz?cache=0&sync_timestamp=1624638706892&other_urls=https%3A%2F%2Fregistry.nlark.com%2Fgraphql-tag%2Fdownload%2Fgraphql-tag-2.12.5.tgz",
      "integrity": "sha1-XP+XSme0F3R9BcjZ9fPLRJXQ248=",
      "requires": {
        "tslib": "^2.1.0"
      }
    },
    "hoist-non-react-statics": {
      "version": "3.3.2",
      "resolved": "https://registry.nlark.com/hoist-non-react-statics/download/hoist-non-react-statics-3.3.2.tgz",
      "integrity": "sha1-7OCsr3HWLClpwuxZ/v9CpLGoW0U=",
      "requires": {
        "react-is": "^16.7.0"
      }
    },
    "js-tokens": {
      "version": "4.0.0",
      "resolved": "https://registry.nlark.com/js-tokens/download/js-tokens-4.0.0.tgz?cache=0&sync_timestamp=1619345098261&other_urls=https%3A%2F%2Fregistry.nlark.com%2Fjs-tokens%2Fdownload%2Fjs-tokens-4.0.0.tgz",
      "integrity": "sha1-GSA/tZmR35jjoocFDUZHzerzJJk="
    },
    "loose-envify": {
      "version": "1.4.0",
      "resolved": "https://registry.nlark.com/loose-envify/download/loose-envify-1.4.0.tgz",
      "integrity": "sha1-ce5R+nvkyuwaY4OffmgtgTLTDK8=",
      "requires": {
        "js-tokens": "^3.0.0 || ^4.0.0"
      }
    },
    "node-fetch": {
      "version": "2.6.1",
      "resolved": "https://registry.npmmirror.com/node-fetch/download/node-fetch-2.6.1.tgz",
      "integrity": "sha1-BFvTI2Mfdu0uK1VXM5RBa2OaAFI="
    },
    "object-assign": {
      "version": "4.1.1",
      "resolved": "https://registry.nlark.com/object-assign/download/object-assign-4.1.1.tgz?cache=0&sync_timestamp=1618847043548&other_urls=https%3A%2F%2Fregistry.nlark.com%2Fobject-assign%2Fdownload%2Fobject-assign-4.1.1.tgz",
      "integrity": "sha1-IQmtx5ZYh8/AXLvUQsrIv7s2CGM="
    },
    "optimism": {
      "version": "0.16.1",
      "resolved": "https://registry.nlark.com/optimism/download/optimism-0.16.1.tgz",
      "integrity": "sha1-fI78HzF58YMHuIfhjBXFtxM/bn0=",
      "requires": {
        "@wry/context": "^0.6.0",
        "@wry/trie": "^0.3.0"
      }
    },
    "prop-types": {
      "version": "15.7.2",
      "resolved": "https://registry.nlark.com/prop-types/download/prop-types-15.7.2.tgz",
      "integrity": "sha1-UsQedbjIfnK52TYOAga5ncv/psU=",
      "requires": {
        "loose-envify": "^1.4.0",
        "object-assign": "^4.1.1",
        "react-is": "^16.8.1"
      }
    },
    "react": {
      "version": "17.0.2",
      "resolved": "https://registry.npmmirror.com/react/download/react-17.0.2.tgz?cache=0&sync_timestamp=1634314735515&other_urls=https%3A%2F%2Fregistry.npmmirror.com%2Freact%2Fdownload%2Freact-17.0.2.tgz",
      "integrity": "sha1-0LXMUW0p6z7uOD91tihkz7aAADc=",
      "requires": {
        "loose-envify": "^1.1.0",
        "object-assign": "^4.1.1"
      }
    },
    "react-is": {
      "version": "16.13.1",
      "resolved": "https://registry.npmmirror.com/react-is/download/react-is-16.13.1.tgz",
      "integrity": "sha1-eJcppNw23imZ3BVt1sHZwYzqVqQ="
    },
    "symbol-observable": {
      "version": "4.0.0",
      "resolved": "https://registry.npm.taobao.org/symbol-observable/download/symbol-observable-4.0.0.tgz?cache=0&sync_timestamp=1618452296973&other_urls=https%3A%2F%2Fregistry.npm.taobao.org%2Fsymbol-observable%2Fdownload%2Fsymbol-observable-4.0.0.tgz",
      "integrity": "sha1-W0JfGSJ56H8vm5N6yFQNGYSzkgU="
    },
    "ts-invariant": {
      "version": "0.9.3",
      "resolved": "https://registry.nlark.com/ts-invariant/download/ts-invariant-0.9.3.tgz",
      "integrity": "sha1-S0HgqAwlMKVs5Lj9ThQYOqrA76g=",
      "requires": {
        "tslib": "^2.1.0"
      }
    },
    "tslib": {
      "version": "2.3.1",
      "resolved": "https://registry.nlark.com/tslib/download/tslib-2.3.1.tgz?cache=0&sync_timestamp=1628722556410&other_urls=https%3A%2F%2Fregistry.nlark.com%2Ftslib%2Fdownload%2Ftslib-2.3.1.tgz",
      "integrity": "sha1-6KM1rdXOrlGqJh0ypJAVjvBC7wE="
    },
    "zen-observable": {
      "version": "0.8.15",
      "resolved": "https://registry.nlark.com/zen-observable/download/zen-observable-0.8.15.tgz",
      "integrity": "sha1-lkFcUS2OP/2SCv04iWBOMLnqrBU="
    },
    "zen-observable-ts": {
      "version": "1.1.0",
      "resolved": "https://registry.nlark.com/zen-observable-ts/download/zen-observable-ts-1.1.0.tgz",
      "integrity": "sha1-LRqp15uHBY6bdWmLknkcGDhVH4M=",
      "requires": {
        "@types/zen-observable": "0.8.3",
        "zen-observable": "0.8.15"
      }
    }
  }
}
